
Microsoft Visual Studio Solution File, Format Version 12.00
# Visual Studio 14
VisualStudioVersion = 14.0.25420.1
MinimumVisualStudioVersion = 10.0.40219.1
Project("{F184B08F-C81C-45F6-A57F-5ABD9991F28F}") = "Kassensystem_GUI", "Kassensystem\Kassensystem_GUI.vbproj", "{AAB3465F-A86C-4951-92ED-DB613D5C2F82}"
	ProjectSection(ProjectDependencies) = postProject
		{F7410DFF-F297-4031-8229-D81D74D6881F} = {F7410DFF-F297-4031-8229-D81D74D6881F}
	EndProjectSection
EndProject
Project("{FAE04EC0-301F-11D3-BF4B-00C04F79EFBC}") = "Kassensystem_Logic", "Kassensystem_Logic\Kassensystem_Logic.csproj", "{F7410DFF-F297-4031-8229-D81D74D6881F}"
EndProject
Global
	GlobalSection(SolutionConfigurationPlatforms) = preSolution
		Debug|Any CPU = Debug|Any CPU
		Release|Any CPU = Release|Any CPU
	EndGlobalSection
	GlobalSection(ProjectConfigurationPlatforms) = postSolution
		{AAB3465F-A86C-4951-92ED-DB613D5C2F82}.Debug|Any CPU.ActiveCfg = Debug|Any CPU
		{AAB3465F-A86C-4951-92ED-DB613D5C2F82}.Debug|Any CPU.Build.0 = Debug|Any CPU
		{AAB3465F-A86C-4951-92ED-DB613D5C2F82}.Release|Any CPU.ActiveCfg = Release|Any CPU
		{AAB3465F-A86C-4951-92ED-DB613D5C2F82}.Release|Any CPU.Build.0 = Release|Any CPU
		{F7410DFF-F297-4031-8229-D81D74D6881F}.Debug|Any CPU.ActiveCfg = Debug|Any CPU
		{F7410DFF-F297-4031-8229-D81D74D6881F}.Debug|Any CPU.Build.0 = Debug|Any CPU
		{F7410DFF-F297-4031-8229-D81D74D6881F}.Release|Any CPU.ActiveCfg = Release|Any CPU
		{F7410DFF-F297-4031-8229-D81D74D6881F}.Release|Any CPU.Build.0 = Release|Any CPU
	EndGlobalSection
	GlobalSection(SolutionProperties) = preSolution
		HideSolutionNode = FALSE
	EndGlobalSection
EndGlobal
